
Microsoft Visual Studio Solution File, Format Version 12.00
# Visual Studio 2012
Project("{FAE04EC0-301F-11D3-BF4B-00C04F79EFBC}") = "FFMS", "FFMS\FFMS.csproj", "{990446D1-8481-4A7E-A3C6-72CCE88EA6CC}"
EndProject
Global
	GlobalSection(SolutionConfigurationPlatforms) = preSolution
		Debug|Any CPU = Debug|Any CPU
		Release|Any CPU = Release|Any CPU
	EndGlobalSection
	GlobalSection(ProjectConfigurationPlatforms) = postSolution
		{990446D1-8481-4A7E-A3C6-72CCE88EA6CC}.Debug|Any CPU.ActiveCfg = Debug|Any CPU
		{990446D1-8481-4A7E-A3C6-72CCE88EA6CC}.Debug|Any CPU.Build.0 = Debug|Any CPU
		{990446D1-8481-4A7E-A3C6-72CCE88EA6CC}.Release|Any CPU.ActiveCfg = Release|Any CPU
		{990446D1-8481-4A7E-A3C6-72CCE88EA6CC}.Release|Any CPU.Build.0 = Release|Any CPU
	EndGlobalSection
	GlobalSection(SolutionProperties) = preSolution
		HideSolutionNode = FALSE
	EndGlobalSection
EndGlobal
